
Microsoft Visual Studio Solution File, Format Version 12.00
# Visual Studio Version 16
VisualStudioVersion = 16.0.31624.102
MinimumVisualStudioVersion = 10.0.40219.1
Project("{FAE04EC0-301F-11D3-BF4B-00C04F79EFBC}") = "SwashbuckleTest", "SwashbuckleTest\SwashbuckleTest.csproj", "{8CEC6455-86AD-46F2-8E78-970496D80D85}"
EndProject
Global
	GlobalSection(SolutionConfigurationPlatforms) = preSolution
		Debug|Any CPU = Debug|Any CPU
		Release|Any CPU = Release|Any CPU
	EndGlobalSection
	GlobalSection(ProjectConfigurationPlatforms) = postSolution
		{8CEC6455-86AD-46F2-8E78-970496D80D85}.Debug|Any CPU.ActiveCfg = Debug|Any CPU
		{8CEC6455-86AD-46F2-8E78-970496D80D85}.Debug|Any CPU.Build.0 = Debug|Any CPU
		{8CEC6455-86AD-46F2-8E78-970496D80D85}.Release|Any CPU.ActiveCfg = Release|Any CPU
		{8CEC6455-86AD-46F2-8E78-970496D80D85}.Release|Any CPU.Build.0 = Release|Any CPU
	EndGlobalSection
	GlobalSection(SolutionProperties) = preSolution
		HideSolutionNode = FALSE
	EndGlobalSection
	GlobalSection(ExtensibilityGlobals) = postSolution
		SolutionGuid = {8FAA775D-9A4A-4C0A-94DF-7D023F30F9D4}
	EndGlobalSection
EndGlobal
